
Microsoft Visual Studio Solution File, Format Version 12.00
# Visual Studio Version 17
VisualStudioVersion = 17.5.2.0
MinimumVisualStudioVersion = 10.0.40219.1
Project("{FAE04EC0-301F-11D3-BF4B-00C04F79EFBC}") = "Вазифа 2 сохтани конструктор", "Вазифа 2 сохтани конструктор.csproj", "{AFE3AB1D-FCCA-D523-44CF-74F27520DBB4}"
EndProject
Global
	GlobalSection(SolutionConfigurationPlatforms) = preSolution
		Debug|Any CPU = Debug|Any CPU
		Release|Any CPU = Release|Any CPU
	EndGlobalSection
	GlobalSection(ProjectConfigurationPlatforms) = postSolution
		{AFE3AB1D-FCCA-D523-44CF-74F27520DBB4}.Debug|Any CPU.ActiveCfg = Debug|Any CPU
		{AFE3AB1D-FCCA-D523-44CF-74F27520DBB4}.Debug|Any CPU.Build.0 = Debug|Any CPU
		{AFE3AB1D-FCCA-D523-44CF-74F27520DBB4}.Release|Any CPU.ActiveCfg = Release|Any CPU
		{AFE3AB1D-FCCA-D523-44CF-74F27520DBB4}.Release|Any CPU.Build.0 = Release|Any CPU
	EndGlobalSection
	GlobalSection(SolutionProperties) = preSolution
		HideSolutionNode = FALSE
	EndGlobalSection
	GlobalSection(ExtensibilityGlobals) = postSolution
		SolutionGuid = {2A43EEF9-5167-4DDC-9050-E7E385C33082}
	EndGlobalSection
EndGlobal
