
Microsoft Visual Studio Solution File, Format Version 12.00
# Visual Studio Version 17
VisualStudioVersion = 17.5.2.0
MinimumVisualStudioVersion = 10.0.40219.1
Project("{FAE04EC0-301F-11D3-BF4B-00C04F79EFBC}") = "Вазифа 4 сохтани методҳои иловагӣ", "Вазифа 4 сохтани методҳои иловагӣ.csproj", "{A38DA9AD-7E99-6675-50A3-9668DC7B44A1}"
EndProject
Global
	GlobalSection(SolutionConfigurationPlatforms) = preSolution
		Debug|Any CPU = Debug|Any CPU
		Release|Any CPU = Release|Any CPU
	EndGlobalSection
	GlobalSection(ProjectConfigurationPlatforms) = postSolution
		{A38DA9AD-7E99-6675-50A3-9668DC7B44A1}.Debug|Any CPU.ActiveCfg = Debug|Any CPU
		{A38DA9AD-7E99-6675-50A3-9668DC7B44A1}.Debug|Any CPU.Build.0 = Debug|Any CPU
		{A38DA9AD-7E99-6675-50A3-9668DC7B44A1}.Release|Any CPU.ActiveCfg = Release|Any CPU
		{A38DA9AD-7E99-6675-50A3-9668DC7B44A1}.Release|Any CPU.Build.0 = Release|Any CPU
	EndGlobalSection
	GlobalSection(SolutionProperties) = preSolution
		HideSolutionNode = FALSE
	EndGlobalSection
	GlobalSection(ExtensibilityGlobals) = postSolution
		SolutionGuid = {8308EE0E-0F47-45F5-B6D5-A286ADA42B27}
	EndGlobalSection
EndGlobal
