
Microsoft Visual Studio Solution File, Format Version 12.00
# Visual Studio Version 17
VisualStudioVersion = 17.5.2.0
MinimumVisualStudioVersion = 10.0.40219.1
Project("{FAE04EC0-301F-11D3-BF4B-00C04F79EFBC}") = "Вазифа 7 Демонстрацияи Object Initializer", "Вазифа 7 Демонстрацияи Object Initializer.csproj", "{DB8395D9-A6CD-AB6B-2D5E-A437975D9E8F}"
EndProject
Global
	GlobalSection(SolutionConfigurationPlatforms) = preSolution
		Debug|Any CPU = Debug|Any CPU
		Release|Any CPU = Release|Any CPU
	EndGlobalSection
	GlobalSection(ProjectConfigurationPlatforms) = postSolution
		{DB8395D9-A6CD-AB6B-2D5E-A437975D9E8F}.Debug|Any CPU.ActiveCfg = Debug|Any CPU
		{DB8395D9-A6CD-AB6B-2D5E-A437975D9E8F}.Debug|Any CPU.Build.0 = Debug|Any CPU
		{DB8395D9-A6CD-AB6B-2D5E-A437975D9E8F}.Release|Any CPU.ActiveCfg = Release|Any CPU
		{DB8395D9-A6CD-AB6B-2D5E-A437975D9E8F}.Release|Any CPU.Build.0 = Release|Any CPU
	EndGlobalSection
	GlobalSection(SolutionProperties) = preSolution
		HideSolutionNode = FALSE
	EndGlobalSection
	GlobalSection(ExtensibilityGlobals) = postSolution
		SolutionGuid = {B34D0761-D7CB-421B-85BF-2786E95B5320}
	EndGlobalSection
EndGlobal
