
Microsoft Visual Studio Solution File, Format Version 12.00
# Visual Studio Version 17
VisualStudioVersion = 17.5.2.0
MinimumVisualStudioVersion = 10.0.40219.1
Project("{FAE04EC0-301F-11D3-BF4B-00C04F79EFBC}") = "Вазифа 9 Муқоисаи Records", "Вазифа 9 Муқоисаи Records.csproj", "{8A687D3C-9B64-15E0-0E5E-B58B4BAC296A}"
EndProject
Global
	GlobalSection(SolutionConfigurationPlatforms) = preSolution
		Debug|Any CPU = Debug|Any CPU
		Release|Any CPU = Release|Any CPU
	EndGlobalSection
	GlobalSection(ProjectConfigurationPlatforms) = postSolution
		{8A687D3C-9B64-15E0-0E5E-B58B4BAC296A}.Debug|Any CPU.ActiveCfg = Debug|Any CPU
		{8A687D3C-9B64-15E0-0E5E-B58B4BAC296A}.Debug|Any CPU.Build.0 = Debug|Any CPU
		{8A687D3C-9B64-15E0-0E5E-B58B4BAC296A}.Release|Any CPU.ActiveCfg = Release|Any CPU
		{8A687D3C-9B64-15E0-0E5E-B58B4BAC296A}.Release|Any CPU.Build.0 = Release|Any CPU
	EndGlobalSection
	GlobalSection(SolutionProperties) = preSolution
		HideSolutionNode = FALSE
	EndGlobalSection
	GlobalSection(ExtensibilityGlobals) = postSolution
		SolutionGuid = {0E5F0698-C916-4673-B908-EABE97C7DFB7}
	EndGlobalSection
EndGlobal
